{
  "version": 4,
  "terraform_version": "1.3.5",
  "serial": 3,
  "lineage": "9fd07317-84a1-fd93-0674-4f21dac103d0",
  "outputs": {
    "hello_file_path": {
      "value": "./hello.py",
      "type": "string"
    }
  },
  "resources": [
    {
      "mode": "managed",
      "type": "local_file",
      "name": "hello_file",
      "provider": "provider[\"registry.terraform.io/hashicorp/local\"]",
      "instances": [
        {
          "schema_version": 0,
          "attributes": {
            "content": "print Hello World",
            "content_base64": null,
            "content_base64sha256": "ThNjMdxNi1MLl+vnW6kmyjs948u0Hw75Ebkw+xpP7G4=",
            "content_base64sha512": "/aeslkqUPipPGs7NWRyo3/2sA73ZjtQwK2wUjzt4eIumVU/mEzR5xUxYrrIOgo4TiH6DggswCjxod9r/amEUgA==",
            "content_md5": "036212b6e0322cf8d239696eff3a2ddd",
            "content_sha1": "cd79707039909302b777f8777d085a496bb8f9bf",
            "content_sha256": "4e136331dc4d8b530b97ebe75ba926ca3b3de3cbb41f0ef911b930fb1a4fec6e",
            "content_sha512": "fda7ac964a943e2a4f1acecd591ca8dffdac03bdd98ed4302b6c148f3b78788ba6554fe6133479c54c58aeb20e828e13887e83820b300a3c6877daff6a611480",
            "directory_permission": "0777",
            "file_permission": "0777",
            "filename": "./hello.py",
            "id": "cd79707039909302b777f8777d085a496bb8f9bf",
            "sensitive_content": null,
            "source": null
          },
          "sensitive_attributes": []
        }
      ]
    }
  ],
  "check_results": null
}
